{
  "name": "@vatefs/common",
  "version": "1.0.0",
  "lockfileVersion": 2,
  "requires": true,
  "packages": {
    "": {
      "name": "@vatefs/common",
      "version": "1.0.0",
      "license": "ISC",
      "dependencies": {
        "snake-camel": "^1.0.8",
        "yaml": "^2.4.3"
      },
      "devDependencies": {
        "@types/node": "^18.11.9",
        "typescript": "^5.3.3"
      }
    },
    "node_modules/@types/node": {
      "version": "18.11.9",
      "dev": true,
      "license": "MIT"
    },
    "node_modules/snake-camel": {
      "version": "1.0.8",
      "license": "MIT"
    },
    "node_modules/typescript": {
      "version": "5.4.5",
      "resolved": "https://registry.npmjs.org/typescript/-/typescript-5.4.5.tgz",
      "integrity": "sha512-vcI4UpRgg81oIRUFwR0WSIHKt11nJ7SAVlYNIu+QpqeyXP+gpQJy/Z4+F0aGxSE4MqwjyXvW/TzgkLAx2AGHwQ==",
      "dev": true,
      "bin": {
        "tsc": "bin/tsc",
        "tsserver": "bin/tsserver"
      },
      "engines": {
        "node": ">=14.17"
      }
    },
    "node_modules/yaml": {
      "version": "2.4.3",
      "resolved": "https://registry.npmjs.org/yaml/-/yaml-2.4.3.tgz",
      "integrity": "sha512-sntgmxj8o7DE7g/Qi60cqpLBA3HG3STcDA0kO+WfB05jEKhZMbY7umNm2rBpQvsmZ16/lPXCJGW2672dgOUkrg==",
      "bin": {
        "yaml": "bin.mjs"
      },
      "engines": {
        "node": ">= 14"
      }
    }
  },
  "dependencies": {
    "@types/node": {
      "version": "18.11.9",
      "dev": true
    },
    "snake-camel": {
      "version": "1.0.8"
    },
    "typescript": {
      "version": "5.4.5",
      "resolved": "https://registry.npmjs.org/typescript/-/typescript-5.4.5.tgz",
      "integrity": "sha512-vcI4UpRgg81oIRUFwR0WSIHKt11nJ7SAVlYNIu+QpqeyXP+gpQJy/Z4+F0aGxSE4MqwjyXvW/TzgkLAx2AGHwQ==",
      "dev": true
    },
    "yaml": {
      "version": "2.4.3",
      "resolved": "https://registry.npmjs.org/yaml/-/yaml-2.4.3.tgz",
      "integrity": "sha512-sntgmxj8o7DE7g/Qi60cqpLBA3HG3STcDA0kO+WfB05jEKhZMbY7umNm2rBpQvsmZ16/lPXCJGW2672dgOUkrg=="
    }
  }
}
